
Microsoft Visual Studio Solution File, Format Version 11.00
# Visual Studio 2010
Project("{FAE04EC0-301F-11D3-BF4B-00C04F79EFBC}") = "Drop_The_Water_02", "Assembly-CSharp.csproj", "{63D2870F-9C59-4CD2-F63D-E13AAFF04180}"
EndProject
Global
	GlobalSection(SolutionConfigurationPlatforms) = preSolution
		Debug|Any CPU = Debug|Any CPU
		Release|Any CPU = Release|Any CPU
	EndGlobalSection
	GlobalSection(ProjectConfigurationPlatforms) = postSolution
		{63D2870F-9C59-4CD2-F63D-E13AAFF04180}.Debug|Any CPU.ActiveCfg = Debug|Any CPU
		{63D2870F-9C59-4CD2-F63D-E13AAFF04180}.Debug|Any CPU.Build.0 = Debug|Any CPU
		{63D2870F-9C59-4CD2-F63D-E13AAFF04180}.Release|Any CPU.ActiveCfg = Release|Any CPU
		{63D2870F-9C59-4CD2-F63D-E13AAFF04180}.Release|Any CPU.Build.0 = Release|Any CPU
	EndGlobalSection
	GlobalSection(SolutionProperties) = preSolution
		HideSolutionNode = FALSE
	EndGlobalSection
	GlobalSection(MonoDevelopProperties) = preSolution
		StartupItem = Assembly-CSharp.csproj
	EndGlobalSection
EndGlobal
